[[package]]
name = "alembic"
version = "1.17.1"
description = "A database migration tool for SQLAlchemy."
category = "main"
optional = false
python-versions = ">=3.10"

[package.dependencies]
Mako = "*"
SQLAlchemy = ">=1.4.0"
tomli = {version = "*", markers = "python_version < \"3.11\""}
typing-extensions = ">=4.12"

[package.extras]
tz = ["tzdata"]

[[package]]
name = "annotated-doc"
version = "0.0.3"
description = "Document parameters, class attributes, return types, and variables inline, with Annotated."
category = "main"
optional = false
python-versions = ">=3.8"

[[package]]
name = "annotated-types"
version = "0.7.0"
description = "Reusable constraint types to use with typing.Annotated"
category = "main"
optional = false
python-versions = ">=3.8"

[[package]]
name = "anyio"
version = "4.11.0"
description = "High-level concurrency and networking framework on top of asyncio or Trio"
category = "main"
optional = false
python-versions = ">=3.9"

[package.dependencies]
exceptiongroup = {version = ">=1.0.2", markers = "python_version < \"3.11\""}
idna = ">=2.8"
sniffio = ">=1.1"
typing_extensions = {version = ">=4.5", markers = "python_version < \"3.13\""}

[package.extras]
trio = ["trio (>=0.31.0)"]

[[package]]
name = "async-timeout"
version = "5.0.1"
description = "Timeout context manager for asyncio programs"
category = "main"
optional = false
python-versions = ">=3.8"

[[package]]
name = "asyncpg"
version = "0.30.0"
description = "An asyncio PostgreSQL driver"
category = "main"
optional = false
python-versions = ">=3.8.0"

[package.dependencies]
async-timeout = {version = ">=4.0.3", markers = "python_version < \"3.11.0\""}

[package.extras]
docs = ["Sphinx (>=8.1.3,<8.2.0)", "sphinx-rtd-theme (>=1.2.2)"]
gssauth = ["gssapi", "sspilib"]
test = ["flake8 (>=6.1,<7.0)", "flake8-pyi (>=24.1.0,<24.2.0)", "distro (>=1.9.0,<1.10.0)", "mypy (>=1.8.0,<1.9.0)", "uvloop (>=0.15.3)", "gssapi", "k5test", "sspilib"]

[[package]]
name = "certifi"
version = "2025.10.5"
description = "Python package for providing Mozilla's CA Bundle."
category = "main"
optional = false
python-versions = ">=3.7"

[[package]]
name = "click"
version = "8.3.0"
description = "Composable command line interface toolkit"
category = "main"
optional = false
python-versions = ">=3.10"

[package.dependencies]
colorama = {version = "*", markers = "platform_system == \"Windows\""}

[[package]]
name = "colorama"
version = "0.4.6"
description = "Cross-platform colored terminal text."
category = "main"
optional = false
python-versions = "!=3.0.*,!=3.1.*,!=3.2.*,!=3.3.*,!=3.4.*,!=3.5.*,!=3.6.*,>=2.7"

[[package]]
name = "dnspython"
version = "2.8.0"
description = "DNS toolkit"
category = "main"
optional = false
python-versions = ">=3.10"

[package.extras]
dev = ["black (>=25.1.0)", "coverage (>=7.0)", "flake8 (>=7)", "hypercorn (>=0.17.0)", "mypy (>=1.17)", "pylint (>=3)", "pytest-cov (>=6.2.0)", "pytest (>=8.4)", "quart-trio (>=0.12.0)", "sphinx-rtd-theme (>=3.0.0)", "sphinx (>=8.2.0)", "twine (>=6.1.0)", "wheel (>=0.45.0)"]
dnssec = ["cryptography (>=45)"]
doh = ["h2 (>=4.2.0)", "httpcore (>=1.0.0)", "httpx (>=0.28.0)"]
doq = ["aioquic (>=1.2.0)"]
idna = ["idna (>=3.10)"]
trio = ["trio (>=0.30)"]
wmi = ["wmi (>=1.5.1)"]

[[package]]
name = "email-validator"
version = "2.3.0"
description = "A robust email address syntax and deliverability validation library."
category = "main"
optional = false
python-versions = ">=3.8"

[package.dependencies]
dnspython = ">=2.0.0"
idna = ">=2.0.0"

[[package]]
name = "exceptiongroup"
version = "1.3.0"
description = "Backport of PEP 654 (exception groups)"
category = "main"
optional = false
python-versions = ">=3.7"

[package.dependencies]
typing-extensions = {version = ">=4.6.0", markers = "python_version < \"3.13\""}

[package.extras]
test = ["pytest (>=6)"]

[[package]]
name = "fastapi"
version = "0.120.4"
description = "FastAPI framework, high performance, easy to learn, fast to code, ready for production"
category = "main"
optional = false
python-versions = ">=3.8"

[package.dependencies]
annotated-doc = ">=0.0.2"
email-validator = {version = ">=2.0.0", optional = true, markers = "extra == \"standard\""}
fastapi-cli = {version = ">=0.0.8", extras = ["standard"], optional = true, markers = "extra == \"standard\""}
httpx = {version = ">=0.23.0,<1.0.0", optional = true, markers = "extra == \"standard\""}
jinja2 = {version = ">=3.1.5", optional = true, markers = "extra == \"standard\""}
pydantic = ">=1.7.4,<1.8 || >1.8,<1.8.1 || >1.8.1,<2.0.0 || >2.0.0,<2.0.1 || >2.0.1,<2.1.0 || >2.1.0,<3.0.0"
python-multipart = {version = ">=0.0.18", optional = true, markers = "extra == \"standard\""}
starlette = ">=0.40.0,<0.50.0"
typing-extensions = ">=4.8.0"
uvicorn = {version = ">=0.12.0", extras = ["standard"], optional = true, markers = "extra == \"standard\""}

[package.extras]
standard = ["fastapi-cli[standard] (>=0.0.8)", "httpx (>=0.23.0,<1.0.0)", "jinja2 (>=3.1.5)", "python-multipart (>=0.0.18)", "email-validator (>=2.0.0)", "uvicorn[standard] (>=0.12.0)"]
standard-no-fastapi-cloud-cli = ["fastapi-cli[standard-no-fastapi-cloud-cli] (>=0.0.8)", "httpx (>=0.23.0,<1.0.0)", "jinja2 (>=3.1.5)", "python-multipart (>=0.0.18)", "email-validator (>=2.0.0)", "uvicorn[standard] (>=0.12.0)"]
all = ["fastapi-cli[standard] (>=0.0.8)", "httpx (>=0.23.0,<1.0.0)", "jinja2 (>=3.1.5)", "python-multipart (>=0.0.18)", "itsdangerous (>=1.1.0)", "pyyaml (>=5.3.1)", "ujson (>=4.0.1,!=4.0.2,!=4.1.0,!=4.2.0,!=4.3.0,!=5.0.0,!=5.1.0)", "orjson (>=3.2.1)", "email-validator (>=2.0.0)", "uvicorn[standard] (>=0.12.0)", "pydantic-settings (>=2.0.0)", "pydantic-extra-types (>=2.0.0)"]

[[package]]
name = "fastapi-cli"
version = "0.0.16"
description = "Run and manage FastAPI apps from the command line with FastAPI CLI. 🚀"
category = "main"
optional = false
python-versions = ">=3.8"

[package.dependencies]
fastapi-cloud-cli = {version = ">=0.1.1", optional = true, markers = "extra == \"standard\""}
rich-toolkit = ">=0.14.8"
tomli = {version = ">=2.0.0", markers = "python_version < \"3.11\""}
typer = ">=0.15.1"
uvicorn = {version = ">=0.15.0", extras = ["standard"]}

[package.extras]
standard = ["uvicorn[standard] (>=0.15.0)", "fastapi-cloud-cli (>=0.1.1)"]
standard-no-fastapi-cloud-cli = ["uvicorn[standard] (>=0.15.0)"]

[[package]]
name = "fastapi-cloud-cli"
version = "0.3.1"
description = "Deploy and manage FastAPI Cloud apps from the command line 🚀"
category = "main"
optional = false
python-versions = ">=3.8"

[package.dependencies]
httpx = ">=0.27.0"
pydantic = {version = ">=1.6.1", extras = ["email"]}
rich-toolkit = ">=0.14.5"
rignore = ">=0.5.1"
sentry-sdk = ">=2.20.0"
typer = ">=0.12.3"
uvicorn = {version = ">=0.15.0", extras = ["standard"]}

[package.extras]
standard = ["uvicorn[standard] (>=0.15.0)"]

[[package]]
name = "greenlet"
version = "3.2.4"
description = "Lightweight in-process concurrent programming"
category = "main"
optional = false
python-versions = ">=3.9"

[package.extras]
docs = ["sphinx", "furo"]
test = ["objgraph", "psutil", "setuptools"]

[[package]]
name = "h11"
version = "0.16.0"
description = "A pure-Python, bring-your-own-I/O implementation of HTTP/1.1"
category = "main"
optional = false
python-versions = ">=3.8"

[[package]]
name = "httpcore"
version = "1.0.9"
description = "A minimal low-level HTTP client."
category = "main"
optional = false
python-versions = ">=3.8"

[package.dependencies]
certifi = "*"
h11 = ">=0.16"

[package.extras]
asyncio = ["anyio (>=4.0,<5.0)"]
http2 = ["h2 (>=3,<5)"]
socks = ["socksio (>=1.0.0,<2.0.0)"]
trio = ["trio (>=0.22.0,<1.0)"]

[[package]]
name = "httptools"
version = "0.7.1"
description = "A collection of framework independent HTTP protocol utils."
category = "main"
optional = false
python-versions = ">=3.9"

[[package]]
name = "httpx"
version = "0.28.1"
description = "The next generation HTTP client."
category = "main"
optional = false
python-versions = ">=3.8"

[package.dependencies]
anyio = "*"
certifi = "*"
httpcore = ">=1.0.0,<2.0.0"
idna = "*"

[package.extras]
brotli = ["brotli", "brotlicffi"]
cli = ["click (>=8.0.0,<9.0.0)", "pygments (>=2.0.0,<3.0.0)", "rich (>=10,<14)"]
http2 = ["h2 (>=3,<5)"]
socks = ["socksio (>=1.0.0,<2.0.0)"]
zstd = ["zstandard (>=0.18.0)"]

[[package]]
name = "idna"
version = "3.11"
description = "Internationalized Domain Names in Applications (IDNA)"
category = "main"
optional = false
python-versions = ">=3.8"

[package.extras]
all = ["ruff (>=0.6.2)", "mypy (>=1.11.2)", "pytest (>=8.3.2)", "flake8 (>=7.1.1)"]

[[package]]
name = "jinja2"
version = "3.1.6"
description = "A very fast and expressive template engine."
category = "main"
optional = false
python-versions = ">=3.7"

[package.dependencies]
MarkupSafe = ">=2.0"

[package.extras]
i18n = ["Babel (>=2.7)"]

[[package]]
name = "mako"
version = "1.3.10"
description = "A super-fast templating language that borrows the best ideas from the existing templating languages."
category = "main"
optional = false
python-versions = ">=3.8"

[package.dependencies]
MarkupSafe = ">=0.9.2"

[package.extras]
testing = ["pytest"]
babel = ["babel"]
lingua = ["lingua"]

[[package]]
name = "markdown-it-py"
version = "4.0.0"
description = "Python port of markdown-it. Markdown parsing, done right!"
category = "main"
optional = false
python-versions = ">=3.10"

[package.dependencies]
mdurl = ">=0.1,<1.0"

[package.extras]
benchmarking = ["psutil", "pytest", "pytest-benchmark"]
compare = ["commonmark (>=0.9,<1.0)", "markdown (>=3.4,<4.0)", "mistletoe (>=1.0,<2.0)", "mistune (>=3.0,<4.0)", "panflute (>=2.3,<3.0)", "markdown-it-pyrs"]
linkify = ["linkify-it-py (>=1,<3)"]
plugins = ["mdit-py-plugins (>=0.5.0)"]
profiling = ["gprof2dot"]
rtd = ["mdit-py-plugins (>=0.5.0)", "myst-parser", "pyyaml", "sphinx", "sphinx-copybutton", "sphinx-design", "sphinx-book-theme (>=1.0,<2.0)", "jupyter-sphinx", "ipykernel"]
testing = ["coverage", "pytest", "pytest-cov", "pytest-regressions", "requests"]

[[package]]
name = "markupsafe"
version = "3.0.3"
description = "Safely add untrusted strings to HTML/XML markup."
category = "main"
optional = false
python-versions = ">=3.9"

[[package]]
name = "mdurl"
version = "0.1.2"
description = "Markdown URL utilities"
category = "main"
optional = false
python-versions = ">=3.7"

[[package]]
name = "pydantic"
version = "2.12.3"
description = "Data validation using Python type hints"
category = "main"
optional = false
python-versions = ">=3.9"

[package.dependencies]
annotated-types = ">=0.6.0"
email-validator = {version = ">=2.0.0", optional = true, markers = "extra == \"email\""}
pydantic-core = "2.41.4"
typing-extensions = ">=4.14.1"
typing-inspection = ">=0.4.2"

[package.extras]
email = ["email-validator (>=2.0.0)"]
timezone = ["tzdata"]

[[package]]
name = "pydantic-core"
version = "2.41.4"
description = "Core functionality for Pydantic validation and serialization"
category = "main"
optional = false
python-versions = ">=3.9"

[package.dependencies]
typing-extensions = ">=4.14.1"

[[package]]
name = "pygments"
version = "2.19.2"
description = "Pygments is a syntax highlighting package written in Python."
category = "main"
optional = false
python-versions = ">=3.8"

[package.extras]
windows-terminal = ["colorama (>=0.4.6)"]

[[package]]
name = "python-dotenv"
version = "1.2.1"
description = "Read key-value pairs from a .env file and set them as environment variables"
category = "main"
optional = false
python-versions = ">=3.9"

[package.extras]
cli = ["click (>=5.0)"]

[[package]]
name = "python-multipart"
version = "0.0.20"
description = "A streaming multipart parser for Python"
category = "main"
optional = false
python-versions = ">=3.8"

[[package]]
name = "pyyaml"
version = "6.0.3"
description = "YAML parser and emitter for Python"
category = "main"
optional = false
python-versions = ">=3.8"

[[package]]
name = "rich"
version = "14.2.0"
description = "Render rich text, tables, progress bars, syntax highlighting, markdown and more to the terminal"
category = "main"
optional = false
python-versions = ">=3.8.0"

[package.dependencies]
markdown-it-py = ">=2.2.0"
pygments = ">=2.13.0,<3.0.0"

[package.extras]
jupyter = ["ipywidgets (>=7.5.1,<9)"]

[[package]]
name = "rich-toolkit"
version = "0.15.1"
description = "Rich toolkit for building command-line applications"
category = "main"
optional = false
python-versions = ">=3.8"

[package.dependencies]
click = ">=8.1.7"
rich = ">=13.7.1"
typing-extensions = ">=4.12.2"

[[package]]
name = "rignore"
version = "0.7.2"
description = "Python Bindings for the ignore crate"
category = "main"
optional = false
python-versions = ">=3.8"

[[package]]
name = "sentry-sdk"
version = "2.43.0"
description = "Python client for Sentry (https://sentry.io)"
category = "main"
optional = false
python-versions = ">=3.6"

[package.dependencies]
certifi = "*"
urllib3 = ">=1.26.11"

[package.extras]
aiohttp = ["aiohttp (>=3.5)"]
anthropic = ["anthropic (>=0.16)"]
arq = ["arq (>=0.23)"]
asyncpg = ["asyncpg (>=0.23)"]
beam = ["apache-beam (>=2.12)"]
bottle = ["bottle (>=0.12.13)"]
celery = ["celery (>=3)"]
celery-redbeat = ["celery-redbeat (>=2)"]
chalice = ["chalice (>=1.16.0)"]
clickhouse-driver = ["clickhouse-driver (>=0.2.0)"]
django = ["django (>=1.8)"]
falcon = ["falcon (>=1.4)"]
fastapi = ["fastapi (>=0.79.0)"]
flask = ["flask (>=0.11)", "blinker (>=1.1)", "markupsafe"]
grpcio = ["grpcio (>=1.21.1)", "protobuf (>=3.8.0)"]
http2 = ["httpcore[http2] (>=1.0.0,<2.0.0)"]
httpx = ["httpx (>=0.16.0)"]
huey = ["huey (>=2)"]
huggingface-hub = ["huggingface_hub (>=0.22)"]
langchain = ["langchain (>=0.0.210)"]
langgraph = ["langgraph (>=0.6.6)"]
launchdarkly = ["launchdarkly-server-sdk (>=9.8.0)"]
litellm = ["litellm (>=1.77.5)"]
litestar = ["litestar (>=2.0.0)"]
loguru = ["loguru (>=0.5)"]
mcp = ["mcp (>=1.15.0)"]
openai = ["openai (>=1.0.0)", "tiktoken (>=0.3.0)"]
openfeature = ["openfeature-sdk (>=0.7.1)"]
opentelemetry = ["opentelemetry-distro (>=0.35b0)"]
opentelemetry-experimental = ["opentelemetry-distro"]
pure-eval = ["pure-eval", "executing", "asttokens"]
pydantic-ai = ["pydantic-ai (>=1.0.0)"]
pymongo = ["pymongo (>=3.1)"]
pyspark = ["pyspark (>=2.4.4)"]
quart = ["quart (>=0.16.1)", "blinker (>=1.1)"]
rq = ["rq (>=0.6)"]
sanic = ["sanic (>=0.8)"]
sqlalchemy = ["sqlalchemy (>=1.2)"]
starlette = ["starlette (>=0.19.1)"]
starlite = ["starlite (>=1.48)"]
statsig = ["statsig (>=0.55.3)"]
tornado = ["tornado (>=6)"]
unleash = ["UnleashClient (>=6.0.1)"]
google-genai = ["google-genai (>=1.29.0)"]

[[package]]
name = "shellingham"
version = "1.5.4"
description = "Tool to Detect Surrounding Shell"
category = "main"
optional = false
python-versions = ">=3.7"

[[package]]
name = "sniffio"
version = "1.3.1"
description = "Sniff out which async library your code is running under"
category = "main"
optional = false
python-versions = ">=3.7"

[[package]]
name = "sqlalchemy"
version = "2.0.44"
description = "Database Abstraction Library"
category = "main"
optional = false
python-versions = ">=3.7"

[package.dependencies]
greenlet = {version = ">=1", markers = "platform_machine == \"aarch64\" or platform_machine == \"ppc64le\" or platform_machine == \"x86_64\" or platform_machine == \"amd64\" or platform_machine == \"AMD64\" or platform_machine == \"win32\" or platform_machine == \"WIN32\""}
typing-extensions = ">=4.6.0"

[package.extras]
asyncio = ["greenlet (>=1)"]
mypy = ["mypy (>=0.910)"]
mssql = ["pyodbc"]
mssql-pymssql = ["pymssql"]
mssql-pyodbc = ["pyodbc"]
mysql = ["mysqlclient (>=1.4.0)"]
mysql-connector = ["mysql-connector-python"]
mariadb-connector = ["mariadb (>=1.0.1,!=1.1.2,!=1.1.5,!=1.1.10)"]
oracle = ["cx_oracle (>=8)"]
oracle-oracledb = ["oracledb (>=1.0.1)"]
postgresql = ["psycopg2 (>=2.7)"]
postgresql-pg8000 = ["pg8000 (>=1.29.1)"]
postgresql-asyncpg = ["greenlet (>=1)", "asyncpg"]
postgresql-psycopg2binary = ["psycopg2-binary"]
postgresql-psycopg2cffi = ["psycopg2cffi"]
postgresql-psycopg = ["psycopg (>=3.0.7)"]
postgresql-psycopgbinary = ["psycopg[binary] (>=3.0.7)"]
pymysql = ["pymysql"]
aiomysql = ["greenlet (>=1)", "aiomysql (>=0.2.0)"]
aioodbc = ["greenlet (>=1)", "aioodbc"]
asyncmy = ["greenlet (>=1)", "asyncmy (>=0.2.3,!=0.2.4,!=0.2.6)"]
aiosqlite = ["greenlet (>=1)", "aiosqlite", "typing_extensions (!=3.10.0.1)"]
sqlcipher = ["sqlcipher3-binary"]

[[package]]
name = "starlette"
version = "0.49.1"
description = "The little ASGI library that shines."
category = "main"
optional = false
python-versions = ">=3.9"

[package.dependencies]
anyio = ">=3.6.2,<5"
typing-extensions = {version = ">=4.10.0", markers = "python_version < \"3.13\""}

[package.extras]
full = ["httpx (>=0.27.0,<0.29.0)", "itsdangerous", "jinja2", "python-multipart (>=0.0.18)", "pyyaml"]

[[package]]
name = "tomli"
version = "2.3.0"
description = "A lil' TOML parser"
category = "main"
optional = false
python-versions = ">=3.8"

[[package]]
name = "typer"
version = "0.20.0"
description = "Typer, build great CLIs. Easy to code. Based on Python type hints."
category = "main"
optional = false
python-versions = ">=3.8"

[package.dependencies]
click = ">=8.0.0"
rich = ">=10.11.0"
shellingham = ">=1.3.0"
typing-extensions = ">=3.7.4.3"

[[package]]
name = "typing-extensions"
version = "4.15.0"
description = "Backported and Experimental Type Hints for Python 3.9+"
category = "main"
optional = false
python-versions = ">=3.9"

[[package]]
name = "typing-inspection"
version = "0.4.2"
description = "Runtime typing introspection tools"
category = "main"
optional = false
python-versions = ">=3.9"

[package.dependencies]
typing-extensions = ">=4.12.0"

[[package]]
name = "urllib3"
version = "2.5.0"
description = "HTTP library with thread-safe connection pooling, file post, and more."
category = "main"
optional = false
python-versions = ">=3.9"

[package.extras]
brotli = ["brotli (>=1.0.9)", "brotlicffi (>=0.8.0)"]
h2 = ["h2 (>=4,<5)"]
socks = ["pysocks (>=1.5.6,!=1.5.7,<2.0)"]
zstd = ["zstandard (>=0.18.0)"]

[[package]]
name = "uvicorn"
version = "0.38.0"
description = "The lightning-fast ASGI server."
category = "main"
optional = false
python-versions = ">=3.9"

[package.dependencies]
click = ">=7.0"
colorama = {version = ">=0.4", optional = true, markers = "sys_platform == \"win32\" and extra == \"standard\""}
h11 = ">=0.8"
httptools = {version = ">=0.6.3", optional = true, markers = "extra == \"standard\""}
python-dotenv = {version = ">=0.13", optional = true, markers = "extra == \"standard\""}
pyyaml = {version = ">=5.1", optional = true, markers = "extra == \"standard\""}
typing-extensions = {version = ">=4.0", markers = "python_version < \"3.11\""}
uvloop = {version = ">=0.15.1", optional = true, markers = "sys_platform != \"win32\" and sys_platform != \"cygwin\" and platform_python_implementation != \"PyPy\" and extra == \"standard\""}
watchfiles = {version = ">=0.13", optional = true, markers = "extra == \"standard\""}
websockets = {version = ">=10.4", optional = true, markers = "extra == \"standard\""}

[package.extras]
standard = ["colorama (>=0.4)", "httptools (>=0.6.3)", "python-dotenv (>=0.13)", "pyyaml (>=5.1)", "uvloop (>=0.15.1)", "watchfiles (>=0.13)", "websockets (>=10.4)"]

[[package]]
name = "uvloop"
version = "0.22.1"
description = "Fast implementation of asyncio event loop on top of libuv"
category = "main"
optional = false
python-versions = ">=3.8.1"

[package.extras]
test = ["aiohttp (>=3.10.5)", "flake8 (>=6.1,<7.0)", "psutil", "pycodestyle (>=2.11.0,<2.12.0)", "pyOpenSSL (>=25.3.0,<25.4.0)", "mypy (>=0.800)"]
dev = ["setuptools (>=60)", "Cython (>=3.0,<4.0)"]
docs = ["Sphinx (>=4.1.2,<4.2.0)", "sphinxcontrib-asyncio (>=0.3.0,<0.4.0)", "sphinx_rtd_theme (>=0.5.2,<0.6.0)"]

[[package]]
name = "watchfiles"
version = "1.1.1"
description = "Simple, modern and high performance file watching and code reload in python."
category = "main"
optional = false
python-versions = ">=3.9"

[package.dependencies]
anyio = ">=3.0.0"

[[package]]
name = "websockets"
version = "15.0.1"
description = "An implementation of the WebSocket Protocol (RFC 6455 & 7692)"
category = "main"
optional = false
python-versions = ">=3.9"

[metadata]
lock-version = "1.1"
python-versions = "^3.10"
content-hash = "dbdf6d93ab3a200f6356533cfcaa1a3fe8c985b49296e95d3e98ac8b42641602"

[metadata.files]
alembic = []
annotated-doc = []
annotated-types = []
anyio = []
async-timeout = []
asyncpg = []
certifi = []
click = []
colorama = []
dnspython = []
email-validator = []
exceptiongroup = []
fastapi = []
fastapi-cli = []
fastapi-cloud-cli = []
greenlet = []
h11 = []
httpcore = []
httptools = []
httpx = []
idna = []
jinja2 = []
mako = []
markdown-it-py = []
markupsafe = []
mdurl = []
pydantic = []
pydantic-core = []
pygments = []
python-dotenv = []
python-multipart = []
pyyaml = []
rich = []
rich-toolkit = []
rignore = []
sentry-sdk = []
shellingham = []
sniffio = []
sqlalchemy = []
starlette = []
tomli = []
typer = []
typing-extensions = []
typing-inspection = []
urllib3 = []
uvicorn = []
uvloop = []
watchfiles = []
websockets = []
